schema: '2.0'
stages:
  train:
    cmd: python train.py
    deps:
    - path: train.py
      md5: eac772aa2c42f2f285c106274b12b95b
      size: 3158
    outs:
    - path: dvclive
      md5: bd0e84ccd6fa0095da6758030937bb3a.dir
      size: 258
      nfiles: 1
    - path: model.pt
      md5: 824fba54eed39b1d3fdf2f6aef417fd7
      size: 410751
