schema: '2.0'
stages:
  train:
    cmd: python train.py
    deps:
    - path: train.py
      md5: fa38daeb0b54a44727a6b14d3e8dddf6
      size: 3191
    outs:
    - path: dvclive
      md5: e9423cc695e095adcf380b1b997ed78a.dir
      size: 116
      nfiles: 1
    - path: model.pt
      md5: 7033dd7f9becbaa1b637a7a16e53c8da
      size: 410751
