schema: '2.0'
stages:
  train:
    cmd: python train.py
    deps:
    - path: train.py
      md5: 265bbc80701f67c364238eea09796bf3
      size: 3186
    outs:
    - path: dvclive
      md5: 332ff0a284ac92dfcb1f8d4c273bc62c.dir
      size: 681
      nfiles: 1
    - path: model.pt
      md5: 1a42c806cee411ea63a9b085afd90d11
      size: 410751
